// !$*UTF8*$!
{
	archiveVersion = 1;
	classes = {
	};
	objectVersion = 77;
	objects = {

/* Begin PBXBuildFile section */
		0034A91A2A5C5406D6CAA4A7 /* cimbar_c.cpp in Sources */ = {isa = PBXBuildFile; fileRef = 709C219115769E4978317DCE /* cimbar_c.cpp */; };
		01DCEA8CD8CB7E98A829B21D /* fse_compress.c in Sources */ = {isa = PBXBuildFile; fileRef = E14CEC6E7456055C1BF54867 /* fse_compress.c */; };
		032C7491E7B84BB850C8E9F7 /* zstdmt_compress.c in Sources */ = {isa = PBXBuildFile; fileRef = BB4015CC431672D5E16A5E59 /* zstdmt_compress.c */; };
		051DCFB1F15746FA61B8A603 /* CimbarSession.swift in Sources */ = {isa = PBXBuildFile; fileRef = 01703928A0AD49EB854CC504 /* CimbarSession.swift */; };
		091202EDC30B32AA1DD07852 /* zstd_compress_superblock.c in Sources */ = {isa = PBXBuildFile; fileRef = 0227022AE8BEF90D833CE9B9 /* zstd_compress_superblock.c */; };
		0EF4D7779A022741D7B9FA12 /* decode.c in Sources */ = {isa = PBXBuildFile; fileRef = A425D065EE33895530780250 /* decode.c */; };
		0FC71FA9BB334C2940811629 /* AdjacentCellFinder.cpp in Sources */ = {isa = PBXBuildFile; fileRef = A768D082D9AA2CC341B305BB /* AdjacentCellFinder.cpp */; };
		16866359AE031BD3D1FB19D2 /* entropy_common.c in Sources */ = {isa = PBXBuildFile; fileRef = 32E6BEA01466FCAA7F1BE69F /* entropy_common.c */; };
		19809DB0E92AB36F507518FC /* ScanView.swift in Sources */ = {isa = PBXBuildFile; fileRef = 5DDBF4ADF7BC58360AC46230 /* ScanView.swift */; };
		1A3CD6D4EC04103E80C36524 /* error_buffer.c in Sources */ = {isa = PBXBuildFile; fileRef = C452E44BE99D78575EB8DE0E /* error_buffer.c */; };
		1ED6F7F7F0F72E8E79052144 /* debug.c in Sources */ = {isa = PBXBuildFile; fileRef = 92202F64A76B7363C5105BAB /* debug.c */; };
		291AE3EE35C4262B89E9F266 /* lookup.c in Sources */ = {isa = PBXBuildFile; fileRef = 54C287F86FD0AF1B55B40B3D /* lookup.c */; };
		2C367181AAB03951BEF69E39 /* CimbDecoder.cpp in Sources */ = {isa = PBXBuildFile; fileRef = 10EFEB1CAA9A20E985E69095 /* CimbDecoder.cpp */; };
		366CF629B023F4E56D7A3ADD /* zstd_ddict.c in Sources */ = {isa = PBXBuildFile; fileRef = 753FA8D206EAFAA13C4B1196 /* zstd_ddict.c */; };
		38F14D110F7DB57794F34506 /* metric.c in Sources */ = {isa = PBXBuildFile; fileRef = C93EE97D406C4CF3C56195E6 /* metric.c */; };
		3AB19CD4DC503CDAC9FB2DDD /* zstd_compress_sequences.c in Sources */ = {isa = PBXBuildFile; fileRef = F8ABB62C295E5396201101F2 /* zstd_compress_sequences.c */; };
		3D9198931B452C23F4B4E359 /* Deskewer.cpp in Sources */ = {isa = PBXBuildFile; fileRef = 5F74258DFCCFE24B48D086DC /* Deskewer.cpp */; };
		47C44B7AECFC6885F9909873 /* zstd_ldm.c in Sources */ = {isa = PBXBuildFile; fileRef = A026F3CEA3453AF9D399B285 /* zstd_ldm.c */; };
		4A7A74F099AF6AFDF31D62C4 /* Scanner.cpp in Sources */ = {isa = PBXBuildFile; fileRef = E849628C270849B43E95F127 /* Scanner.cpp */; };
		4A828D061A6122C1C874F318 /* SettingsView.swift in Sources */ = {isa = PBXBuildFile; fileRef = 87415D9F428BAFDF4A63E20D /* SettingsView.swift */; };
		4B022928D82972EC87A5D2DC /* fec_shim.c in Sources */ = {isa = PBXBuildFile; fileRef = EA01C9379008C72670D0DED2 /* fec_shim.c */; };
		4D5CA2E0811499C43E07D4BA /* FileListView.swift in Sources */ = {isa = PBXBuildFile; fileRef = BC17A3BEC422E542309D8193 /* FileListView.swift */; };
		683DC3BEBC9549B6FD238200 /* zstd_fast.c in Sources */ = {isa = PBXBuildFile; fileRef = FE730F8FCFC8DC365040E3F2 /* zstd_fast.c */; };
		68931E8BADC077C3FF2D79ED /* huf_compress.c in Sources */ = {isa = PBXBuildFile; fileRef = E8995E10CBD290770026114A /* huf_compress.c */; };
		6B79515B85612C281808DA52 /* convolutional.c in Sources */ = {isa = PBXBuildFile; fileRef = 654343463F1033D33F363D88 /* convolutional.c */; };
		6C4EDC6073A93F472C577A88 /* error_private.c in Sources */ = {isa = PBXBuildFile; fileRef = E107437455DFC2818EDF58B3 /* error_private.c */; };
		72C6C78147F050284DBEA476 /* zstd_opt.c in Sources */ = {isa = PBXBuildFile; fileRef = 2B300E0754B7A7902C1C8963 /* zstd_opt.c */; };
		74A6AF77EE72AE887CD06B46 /* hist.c in Sources */ = {isa = PBXBuildFile; fileRef = 8E4AB31D79A9330A72757E5B /* hist.c */; };
		7CF48A8A004D201EB2145085 /* CameraPreview.swift in Sources */ = {isa = PBXBuildFile; fileRef = AD2F99D3777F406BBF749456 /* CameraPreview.swift */; };
		8074C036138964A6A78AC5A1 /* zstd_double_fast.c in Sources */ = {isa = PBXBuildFile; fileRef = E21F508A81C4C5D4F7CFE93F /* zstd_double_fast.c */; };
		82721BC21AF5EBA47BCE0C74 /* CimbEncoder.cpp in Sources */ = {isa = PBXBuildFile; fileRef = CC457A8AA8EDA855C27E8D36 /* CimbEncoder.cpp */; };
		8328D04E7053AB6F2FB6994A /* wirehair.cpp in Sources */ = {isa = PBXBuildFile; fileRef = 34AB99E246DF1C3A39B6488D /* wirehair.cpp */; };
		858EF4D1CF05400687078222 /* zstd_decompress.c in Sources */ = {isa = PBXBuildFile; fileRef = 2CD74893670F984A4B44DB68 /* zstd_decompress.c */; };
		8907524F7ED5A59D6F7CC36E /* zstd_compress_literals.c in Sources */ = {isa = PBXBuildFile; fileRef = C0D8FC9786E420CF25AE7CEF /* zstd_compress_literals.c */; };
		8969C6486F66AC1FC6C45076 /* SimpleCameraCalibration.cpp in Sources */ = {isa = PBXBuildFile; fileRef = 73D64C78D1A433D662777C47 /* SimpleCameraCalibration.cpp */; };
		8CAF48904261BB901087B904 /* zstd_common.c in Sources */ = {isa = PBXBuildFile; fileRef = 1B32F7E92DA6BA7E72187B39 /* zstd_common.c */; };
		976D9E11ED53BC572E2C80C4 /* threading.c in Sources */ = {isa = PBXBuildFile; fileRef = 79D3ABA9FB4C290B90245040 /* threading.c */; };
		9AAA55BEC56DA0DF4166BE5C /* Common.cpp in Sources */ = {isa = PBXBuildFile; fileRef = 4F46B6C5855F4224A99EB646 /* Common.cpp */; };
		9B35EE13E0E2051C88772F9A /* CimbWriter.cpp in Sources */ = {isa = PBXBuildFile; fileRef = 4CC3093788290AA60DF8F18A /* CimbWriter.cpp */; };
		A3B8268A01C620BD83B86639 /* gf256.cpp in Sources */ = {isa = PBXBuildFile; fileRef = EFE15260A08EAAB16FCC7BF4 /* gf256.cpp */; };
		AC2F44EBA23E89699C1CEE9D /* CellDrift.cpp in Sources */ = {isa = PBXBuildFile; fileRef = 1416DB101B1740A1B45127AF /* CellDrift.cpp */; };
		B27B2570576703FC54DA416A /* Extractor.cpp in Sources */ = {isa = PBXBuildFile; fileRef = 236AF9277DF86276A2CD5D95 /* Extractor.cpp */; };
		B2B7AD96DDBA5F259981B1AE /* polynomial.c in Sources */ = {isa = PBXBuildFile; fileRef = D5EA24E22C0D00137972D589 /* polynomial.c */; };
		B33BE476A3788D96259D6960 /* CimbarApp.swift in Sources */ = {isa = PBXBuildFile; fileRef = E2342DC88F43C1860A750A7F /* CimbarApp.swift */; };
		B36B6083447A50744CEC7C0A /* CimbReader.cpp in Sources */ = {isa = PBXBuildFile; fileRef = 8BEEE79E2538E744FDF17A98 /* CimbReader.cpp */; };
		B52DD3140B6C08427529B8F4 /* xxhash.c in Sources */ = {isa = PBXBuildFile; fileRef = 8025D7E90A6B8B4EC4DC1844 /* xxhash.c */; };
		B53775AE7084FFC1B0037742 /* libcimbar-core.a in Frameworks */ = {isa = PBXBuildFile; fileRef = 11A59EEB95EF677CBCE95BCE /* libcimbar-core.a */; };
		B8609E7678059FD0845C44BE /* zstd_compress.c in Sources */ = {isa = PBXBuildFile; fileRef = CD1F107537AFCD0609339E20 /* zstd_compress.c */; };
		BDC98E6A814B650654B75C12 /* CellPositions.cpp in Sources */ = {isa = PBXBuildFile; fileRef = 1673DF47E60E9CEEF1E15577 /* CellPositions.cpp */; };
		CD9CB48E14F002A57AD2B2E5 /* WirehairTools.cpp in Sources */ = {isa = PBXBuildFile; fileRef = 6D2979580FBD60DFFBD2463E /* WirehairTools.cpp */; };
		D20B6E0FCDE2226179101415 /* pool.c in Sources */ = {isa = PBXBuildFile; fileRef = F2370C0A8B98008B9E5FF1AC /* pool.c */; };
		D3F6DF0E77C5C9A9B2EE4629 /* fse_decompress.c in Sources */ = {isa = PBXBuildFile; fileRef = 9F3A2B9818DCE7BCB4C568B7 /* fse_decompress.c */; };
		DAA81C972656CDA2AC27DCE4 /* encode.c in Sources */ = {isa = PBXBuildFile; fileRef = 9C6D15D8BC21141178078610 /* encode.c */; };
		DBC56D64A3BA28024F485889 /* huf_decompress.c in Sources */ = {isa = PBXBuildFile; fileRef = F10C7F46380172A5FBE017F0 /* huf_decompress.c */; };
		E2DBDD4BB9FB52836E8CDF0C /* zstd_decompress_block.c in Sources */ = {isa = PBXBuildFile; fileRef = CD8C9DA479E85C89F0487EE4 /* zstd_decompress_block.c */; };
		E3DE5D69F949F8C535B18640 /* FloodDecodePositions.cpp in Sources */ = {isa = PBXBuildFile; fileRef = 111F4D302AD119F07C0410C7 /* FloodDecodePositions.cpp */; };
		E4887C2E7DA1AD9D49E621F7 /* bit.c in Sources */ = {isa = PBXBuildFile; fileRef = 65A85E49C2D3CA01B4264045 /* bit.c */; };
		E8FC4EF80757CE5161225DB4 /* encode.c in Sources */ = {isa = PBXBuildFile; fileRef = D7C09E830D02963BDA76C4D4 /* encode.c */; };
		EC425FC824247D18D969C172 /* WirehairCodec.cpp in Sources */ = {isa = PBXBuildFile; fileRef = 77E0C1F1ADD2190DA07969CE /* WirehairCodec.cpp */; };
		F50F4A4EDDE85B9EDFCD8C7D /* CimbarDecoderBridge.mm in Sources */ = {isa = PBXBuildFile; fileRef = 693EDF0715FEB5F2524DBA19 /* CimbarDecoderBridge.mm */; };
		F728499A85258E805DE950E1 /* history_buffer.c in Sources */ = {isa = PBXBuildFile; fileRef = 943269BBEAD53432D730A1CC /* history_buffer.c */; };
		F767FF88901F4F79BEBF7218 /* decode.c in Sources */ = {isa = PBXBuildFile; fileRef = 843493C1C36CC5C344CDB53B /* decode.c */; };
		F83925FFDF6E9A4EE667741F /* zstd_lazy.c in Sources */ = {isa = PBXBuildFile; fileRef = A35A3A295E957AC4A1A2801F /* zstd_lazy.c */; };
		FA987F1D99214E8034D3CF3D /* reed-solomon.c in Sources */ = {isa = PBXBuildFile; fileRef = 004F51E9A5932AB6002DA99E /* reed-solomon.c */; };
/* End PBXBuildFile section */

/* Begin PBXContainerItemProxy section */
		C107DABBA7F3EDD38DF478F5 /* PBXContainerItemProxy */ = {
			isa = PBXContainerItemProxy;
			containerPortal = D43AAA9BF56257EF7209FCDF /* Project object */;
			proxyType = 1;
			remoteGlobalIDString = 48970C1CC15F8F75BBEE133D;
			remoteInfo = "cimbar-core";
		};
/* End PBXContainerItemProxy section */

/* Begin PBXFileReference section */
		004F51E9A5932AB6002DA99E /* reed-solomon.c */ = {isa = PBXFileReference; lastKnownFileType = sourcecode.c.c; path = "reed-solomon.c"; sourceTree = "<group>"; };
		01703928A0AD49EB854CC504 /* CimbarSession.swift */ = {isa = PBXFileReference; lastKnownFileType = sourcecode.swift; path = CimbarSession.swift; sourceTree = "<group>"; };
		0227022AE8BEF90D833CE9B9 /* zstd_compress_superblock.c */ = {isa = PBXFileReference; lastKnownFileType = sourcecode.c.c; path = zstd_compress_superblock.c; sourceTree = "<group>"; };
		04E3045DF6D59F5F9470298D /* EncoderTest.cpp */ = {isa = PBXFileReference; lastKnownFileType = sourcecode.cpp.cpp; path = EncoderTest.cpp; sourceTree = "<group>"; };
		0E58A5E17FBA7AD94287F690 /* EncoderPlus.h */ = {isa = PBXFileReference; lastKnownFileType = sourcecode.c.h; path = EncoderPlus.h; sourceTree = "<group>"; };
		10EFEB1CAA9A20E985E69095 /* CimbDecoder.cpp */ = {isa = PBXFileReference; lastKnownFileType = sourcecode.cpp.cpp; path = CimbDecoder.cpp; sourceTree = "<group>"; };
		111F4D302AD119F07C0410C7 /* FloodDecodePositions.cpp */ = {isa = PBXFileReference; lastKnownFileType = sourcecode.cpp.cpp; path = FloodDecodePositions.cpp; sourceTree = "<group>"; };
		11A59EEB95EF677CBCE95BCE /* libcimbar-core.a */ = {isa = PBXFileReference; includeInIndex = 0; lastKnownFileType = archive.ar; path = "libcimbar-core.a"; sourceTree = BUILT_PRODUCTS_DIR; };
		1416DB101B1740A1B45127AF /* CellDrift.cpp */ = {isa = PBXFileReference; lastKnownFileType = sourcecode.cpp.cpp; path = CellDrift.cpp; sourceTree = "<group>"; };
		1673DF47E60E9CEEF1E15577 /* CellPositions.cpp */ = {isa = PBXFileReference; lastKnownFileType = sourcecode.cpp.cpp; path = CellPositions.cpp; sourceTree = "<group>"; };
		1B32F7E92DA6BA7E72187B39 /* zstd_common.c */ = {isa = PBXFileReference; lastKnownFileType = sourcecode.c.c; path = zstd_common.c; sourceTree = "<group>"; };
		1EBD48B9CBE3CF8F0B9A0EF9 /* test.cpp */ = {isa = PBXFileReference; lastKnownFileType = sourcecode.cpp.cpp; path = test.cpp; sourceTree = "<group>"; };
		1EEA7B2C1A645E22999BED95 /* Encoder.h */ = {isa = PBXFileReference; lastKnownFileType = sourcecode.c.h; path = Encoder.h; sourceTree = "<group>"; };
		236AF9277DF86276A2CD5D95 /* Extractor.cpp */ = {isa = PBXFileReference; lastKnownFileType = sourcecode.cpp.cpp; path = Extractor.cpp; sourceTree = "<group>"; };
		28F5AB5816A9534B7E13A03C /* escrow_buffer_writer.h */ = {isa = PBXFileReference; lastKnownFileType = sourcecode.c.h; path = escrow_buffer_writer.h; sourceTree = "<group>"; };
		2B300E0754B7A7902C1C8963 /* zstd_opt.c */ = {isa = PBXFileReference; lastKnownFileType = sourcecode.c.c; path = zstd_opt.c; sourceTree = "<group>"; };
		2CD74893670F984A4B44DB68 /* zstd_decompress.c */ = {isa = PBXFileReference; lastKnownFileType = sourcecode.c.c; path = zstd_decompress.c; sourceTree = "<group>"; };
		310DEA34DC17D01C06D0254D /* aligned_streamTest.cpp */ = {isa = PBXFileReference; lastKnownFileType = sourcecode.cpp.cpp; path = aligned_streamTest.cpp; sourceTree = "<group>"; };
		32E6BEA01466FCAA7F1BE69F /* entropy_common.c */ = {isa = PBXFileReference; lastKnownFileType = sourcecode.c.c; path = entropy_common.c; sourceTree = "<group>"; };
		34AB99E246DF1C3A39B6488D /* wirehair.cpp */ = {isa = PBXFileReference; lastKnownFileType = sourcecode.cpp.cpp; path = wirehair.cpp; sourceTree = "<group>"; };
		49AAD1BB736AAF7166139C70 /* CimbarApp-Bridging-Header.h */ = {isa = PBXFileReference; lastKnownFileType = sourcecode.c.h; path = "CimbarApp-Bridging-Header.h"; sourceTree = "<group>"; };
		4CC3093788290AA60DF8F18A /* CimbWriter.cpp */ = {isa = PBXFileReference; lastKnownFileType = sourcecode.cpp.cpp; path = CimbWriter.cpp; sourceTree = "<group>"; };
		4D1CFDB1E69B332DD818C518 /* escrow_buffer_writerTest.cpp */ = {isa = PBXFileReference; lastKnownFileType = sourcecode.cpp.cpp; path = escrow_buffer_writerTest.cpp; sourceTree = "<group>"; };
		4F46B6C5855F4224A99EB646 /* Common.cpp */ = {isa = PBXFileReference; lastKnownFileType = sourcecode.cpp.cpp; path = Common.cpp; sourceTree = "<group>"; };
		54C287F86FD0AF1B55B40B3D /* lookup.c */ = {isa = PBXFileReference; lastKnownFileType = sourcecode.c.c; path = lookup.c; sourceTree = "<group>"; };
		57F5ACDCCFD6CA7AEA59F11E /* ReedSolomon.h */ = {isa = PBXFileReference; lastKnownFileType = sourcecode.c.h; path = ReedSolomon.h; sourceTree = "<group>"; };
		5DDBF4ADF7BC58360AC46230 /* ScanView.swift */ = {isa = PBXFileReference; lastKnownFileType = sourcecode.swift; path = ScanView.swift; sourceTree = "<group>"; };
		5F74258DFCCFE24B48D086DC /* Deskewer.cpp */ = {isa = PBXFileReference; lastKnownFileType = sourcecode.cpp.cpp; path = Deskewer.cpp; sourceTree = "<group>"; };
		654343463F1033D33F363D88 /* convolutional.c */ = {isa = PBXFileReference; lastKnownFileType = sourcecode.c.c; path = convolutional.c; sourceTree = "<group>"; };
		65A85E49C2D3CA01B4264045 /* bit.c */ = {isa = PBXFileReference; lastKnownFileType = sourcecode.c.c; path = bit.c; sourceTree = "<group>"; };
		693EDF0715FEB5F2524DBA19 /* CimbarDecoderBridge.mm */ = {isa = PBXFileReference; lastKnownFileType = sourcecode.cpp.objcpp; path = CimbarDecoderBridge.mm; sourceTree = "<group>"; };
		6D2979580FBD60DFFBD2463E /* WirehairTools.cpp */ = {isa = PBXFileReference; lastKnownFileType = sourcecode.cpp.cpp; path = WirehairTools.cpp; sourceTree = "<group>"; };
		709C219115769E4978317DCE /* cimbar_c.cpp */ = {isa = PBXFileReference; lastKnownFileType = sourcecode.cpp.cpp; path = cimbar_c.cpp; sourceTree = "<group>"; };
		718DC9772171E505F756EB03 /* CimbarApp-Info.plist */ = {isa = PBXFileReference; lastKnownFileType = text.plist; path = "CimbarApp-Info.plist"; sourceTree = "<group>"; };
		7323F14AC88DA34E0603921A /* reed_solomon_streamTest.cpp */ = {isa = PBXFileReference; lastKnownFileType = sourcecode.cpp.cpp; path = reed_solomon_streamTest.cpp; sourceTree = "<group>"; };
		73D64C78D1A433D662777C47 /* SimpleCameraCalibration.cpp */ = {isa = PBXFileReference; lastKnownFileType = sourcecode.cpp.cpp; path = SimpleCameraCalibration.cpp; sourceTree = "<group>"; };
		753FA8D206EAFAA13C4B1196 /* zstd_ddict.c */ = {isa = PBXFileReference; lastKnownFileType = sourcecode.c.c; path = zstd_ddict.c; sourceTree = "<group>"; };
		77A9CA40959F37A4B719E3C4 /* EncoderRoundTripTest.cpp */ = {isa = PBXFileReference; lastKnownFileType = sourcecode.cpp.cpp; path = EncoderRoundTripTest.cpp; sourceTree = "<group>"; };
		77E0C1F1ADD2190DA07969CE /* WirehairCodec.cpp */ = {isa = PBXFileReference; lastKnownFileType = sourcecode.cpp.cpp; path = WirehairCodec.cpp; sourceTree = "<group>"; };
		79D3ABA9FB4C290B90245040 /* threading.c */ = {isa = PBXFileReference; lastKnownFileType = sourcecode.c.c; path = threading.c; sourceTree = "<group>"; };
		8025D7E90A6B8B4EC4DC1844 /* xxhash.c */ = {isa = PBXFileReference; lastKnownFileType = sourcecode.c.c; path = xxhash.c; sourceTree = "<group>"; };
		843493C1C36CC5C344CDB53B /* decode.c */ = {isa = PBXFileReference; lastKnownFileType = sourcecode.c.c; path = decode.c; sourceTree = "<group>"; };
		87415D9F428BAFDF4A63E20D /* SettingsView.swift */ = {isa = PBXFileReference; lastKnownFileType = sourcecode.swift; path = SettingsView.swift; sourceTree = "<group>"; };
		8BEEE79E2538E744FDF17A98 /* CimbReader.cpp */ = {isa = PBXFileReference; lastKnownFileType = sourcecode.cpp.cpp; path = CimbReader.cpp; sourceTree = "<group>"; };
		8E4AB31D79A9330A72757E5B /* hist.c */ = {isa = PBXFileReference; lastKnownFileType = sourcecode.c.c; path = hist.c; sourceTree = "<group>"; };
		92202F64A76B7363C5105BAB /* debug.c */ = {isa = PBXFileReference; lastKnownFileType = sourcecode.c.c; path = debug.c; sourceTree = "<group>"; };
		943269BBEAD53432D730A1CC /* history_buffer.c */ = {isa = PBXFileReference; lastKnownFileType = sourcecode.c.c; path = history_buffer.c; sourceTree = "<group>"; };
		9C6D15D8BC21141178078610 /* encode.c */ = {isa = PBXFileReference; lastKnownFileType = sourcecode.c.c; path = encode.c; sourceTree = "<group>"; };
		9F3A2B9818DCE7BCB4C568B7 /* fse_decompress.c */ = {isa = PBXFileReference; lastKnownFileType = sourcecode.c.c; path = fse_decompress.c; sourceTree = "<group>"; };
		A026F3CEA3453AF9D399B285 /* zstd_ldm.c */ = {isa = PBXFileReference; lastKnownFileType = sourcecode.c.c; path = zstd_ldm.c; sourceTree = "<group>"; };
		A35A3A295E957AC4A1A2801F /* zstd_lazy.c */ = {isa = PBXFileReference; lastKnownFileType = sourcecode.c.c; path = zstd_lazy.c; sourceTree = "<group>"; };
		A425D065EE33895530780250 /* decode.c */ = {isa = PBXFileReference; lastKnownFileType = sourcecode.c.c; path = decode.c; sourceTree = "<group>"; };
		A768D082D9AA2CC341B305BB /* AdjacentCellFinder.cpp */ = {isa = PBXFileReference; lastKnownFileType = sourcecode.cpp.cpp; path = AdjacentCellFinder.cpp; sourceTree = "<group>"; };
		A79B6A98EE6ADE151F16136A /* Decoder.h */ = {isa = PBXFileReference; lastKnownFileType = sourcecode.c.h; path = Decoder.h; sourceTree = "<group>"; };
		AD2F99D3777F406BBF749456 /* CameraPreview.swift */ = {isa = PBXFileReference; lastKnownFileType = sourcecode.swift; path = CameraPreview.swift; sourceTree = "<group>"; };
		AF353FED6183C62C074D54B7 /* cimbar_c.h */ = {isa = PBXFileReference; lastKnownFileType = sourcecode.c.h; path = cimbar_c.h; sourceTree = "<group>"; };
		B94AA5A740F5357DD020AC55 /* null_stream.h */ = {isa = PBXFileReference; lastKnownFileType = sourcecode.c.h; name = null_stream.h; path = src/lib/util/null_stream.h; sourceTree = "<group>"; };
		BB4015CC431672D5E16A5E59 /* zstdmt_compress.c */ = {isa = PBXFileReference; lastKnownFileType = sourcecode.c.c; path = zstdmt_compress.c; sourceTree = "<group>"; };
		BC17A3BEC422E542309D8193 /* FileListView.swift */ = {isa = PBXFileReference; lastKnownFileType = sourcecode.swift; path = FileListView.swift; sourceTree = "<group>"; };
		C0240666C3F693ACEFEC64FD /* CMakeLists.txt */ = {isa = PBXFileReference; lastKnownFileType = text; path = CMakeLists.txt; sourceTree = "<group>"; };
		C0D8FC9786E420CF25AE7CEF /* zstd_compress_literals.c */ = {isa = PBXFileReference; lastKnownFileType = sourcecode.c.c; path = zstd_compress_literals.c; sourceTree = "<group>"; };
		C2B4079A3E76BC6F57DACAE0 /* reed_solomon_stream.h */ = {isa = PBXFileReference; lastKnownFileType = sourcecode.c.h; path = reed_solomon_stream.h; sourceTree = "<group>"; };
		C452E44BE99D78575EB8DE0E /* error_buffer.c */ = {isa = PBXFileReference; lastKnownFileType = sourcecode.c.c; path = error_buffer.c; sourceTree = "<group>"; };
		C93EE97D406C4CF3C56195E6 /* metric.c */ = {isa = PBXFileReference; lastKnownFileType = sourcecode.c.c; path = metric.c; sourceTree = "<group>"; };
		CC457A8AA8EDA855C27E8D36 /* CimbEncoder.cpp */ = {isa = PBXFileReference; lastKnownFileType = sourcecode.cpp.cpp; path = CimbEncoder.cpp; sourceTree = "<group>"; };
		CD1F107537AFCD0609339E20 /* zstd_compress.c */ = {isa = PBXFileReference; lastKnownFileType = sourcecode.c.c; path = zstd_compress.c; sourceTree = "<group>"; };
		CD8C9DA479E85C89F0487EE4 /* zstd_decompress_block.c */ = {isa = PBXFileReference; lastKnownFileType = sourcecode.c.c; path = zstd_decompress_block.c; sourceTree = "<group>"; };
		D5EA24E22C0D00137972D589 /* polynomial.c */ = {isa = PBXFileReference; lastKnownFileType = sourcecode.c.c; path = polynomial.c; sourceTree = "<group>"; };
		D7C09E830D02963BDA76C4D4 /* encode.c */ = {isa = PBXFileReference; lastKnownFileType = sourcecode.c.c; path = encode.c; sourceTree = "<group>"; };
		DE7031AF3B61FE7A33ADE2A5 /* DecoderPlus.h */ = {isa = PBXFileReference; lastKnownFileType = sourcecode.c.h; path = DecoderPlus.h; sourceTree = "<group>"; };
		E107437455DFC2818EDF58B3 /* error_private.c */ = {isa = PBXFileReference; lastKnownFileType = sourcecode.c.c; path = error_private.c; sourceTree = "<group>"; };
		E14CEC6E7456055C1BF54867 /* fse_compress.c */ = {isa = PBXFileReference; lastKnownFileType = sourcecode.c.c; path = fse_compress.c; sourceTree = "<group>"; };
		E2196DD59070F758CF48E344 /* DecoderTest.cpp */ = {isa = PBXFileReference; lastKnownFileType = sourcecode.cpp.cpp; path = DecoderTest.cpp; sourceTree = "<group>"; };
		E21F508A81C4C5D4F7CFE93F /* zstd_double_fast.c */ = {isa = PBXFileReference; lastKnownFileType = sourcecode.c.c; path = zstd_double_fast.c; sourceTree = "<group>"; };
		E2342DC88F43C1860A750A7F /* CimbarApp.swift */ = {isa = PBXFileReference; lastKnownFileType = sourcecode.swift; path = CimbarApp.swift; sourceTree = "<group>"; };
		E849628C270849B43E95F127 /* Scanner.cpp */ = {isa = PBXFileReference; lastKnownFileType = sourcecode.cpp.cpp; path = Scanner.cpp; sourceTree = "<group>"; };
		E8995E10CBD290770026114A /* huf_compress.c */ = {isa = PBXFileReference; lastKnownFileType = sourcecode.c.c; path = huf_compress.c; sourceTree = "<group>"; };
		EA01C9379008C72670D0DED2 /* fec_shim.c */ = {isa = PBXFileReference; lastKnownFileType = sourcecode.c.c; path = fec_shim.c; sourceTree = "<group>"; };
		EF298C9C874E941DB15AC5AE /* CMakeLists.txt */ = {isa = PBXFileReference; lastKnownFileType = text; path = CMakeLists.txt; sourceTree = "<group>"; };
		EFE15260A08EAAB16FCC7BF4 /* gf256.cpp */ = {isa = PBXFileReference; lastKnownFileType = sourcecode.cpp.cpp; path = gf256.cpp; sourceTree = "<group>"; };
		F063636CE2D935C94C0AF365 /* CimbarDecoderBridge.h */ = {isa = PBXFileReference; lastKnownFileType = sourcecode.c.h; path = CimbarDecoderBridge.h; sourceTree = "<group>"; };
		F10C7F46380172A5FBE017F0 /* huf_decompress.c */ = {isa = PBXFileReference; lastKnownFileType = sourcecode.c.c; path = huf_decompress.c; sourceTree = "<group>"; };
		F2370C0A8B98008B9E5FF1AC /* pool.c */ = {isa = PBXFileReference; lastKnownFileType = sourcecode.c.c; path = pool.c; sourceTree = "<group>"; };
		F8ABB62C295E5396201101F2 /* zstd_compress_sequences.c */ = {isa = PBXFileReference; lastKnownFileType = sourcecode.c.c; path = zstd_compress_sequences.c; sourceTree = "<group>"; };
		F937D3E156FBB0B022FBAFEB /* LensDrop.app */ = {isa = PBXFileReference; includeInIndex = 0; lastKnownFileType = wrapper.application; path = LensDrop.app; sourceTree = BUILT_PRODUCTS_DIR; };
		F954714E2A8772B882F47B45 /* aligned_stream.h */ = {isa = PBXFileReference; lastKnownFileType = sourcecode.c.h; path = aligned_stream.h; sourceTree = "<group>"; };
		FE730F8FCFC8DC365040E3F2 /* zstd_fast.c */ = {isa = PBXFileReference; lastKnownFileType = sourcecode.c.c; path = zstd_fast.c; sourceTree = "<group>"; };
/* End PBXFileReference section */

/* Begin PBXFrameworksBuildPhase section */
		15169454DF3E3806B7EEBCB1 /* Frameworks */ = {
			isa = PBXFrameworksBuildPhase;
			buildActionMask = 2147483647;
			files = (
				B53775AE7084FFC1B0037742 /* libcimbar-core.a in Frameworks */,
			);
			runOnlyForDeploymentPostprocessing = 0;
		};
/* End PBXFrameworksBuildPhase section */

/* Begin PBXGroup section */
		131A6069D404FCD01AB8C8C4 /* reed-solomon */ = {
			isa = PBXGroup;
			children = (
				A425D065EE33895530780250 /* decode.c */,
				D7C09E830D02963BDA76C4D4 /* encode.c */,
				D5EA24E22C0D00137972D589 /* polynomial.c */,
				004F51E9A5932AB6002DA99E /* reed-solomon.c */,
			);
			path = "reed-solomon";
			sourceTree = "<group>";
		};
		1ABE2E67293343C0E0C01B0B /* extractor */ = {
			isa = PBXGroup;
			children = (
				5F74258DFCCFE24B48D086DC /* Deskewer.cpp */,
				236AF9277DF86276A2CD5D95 /* Extractor.cpp */,
				E849628C270849B43E95F127 /* Scanner.cpp */,
				73D64C78D1A433D662777C47 /* SimpleCameraCalibration.cpp */,
			);
			name = extractor;
			path = src/lib/extractor;
			sourceTree = "<group>";
		};
		24C6A594F98D1A568FFD47F5 /* convolutional */ = {
			isa = PBXGroup;
			children = (
				65A85E49C2D3CA01B4264045 /* bit.c */,
				654343463F1033D33F363D88 /* convolutional.c */,
				843493C1C36CC5C344CDB53B /* decode.c */,
				9C6D15D8BC21141178078610 /* encode.c */,
				C452E44BE99D78575EB8DE0E /* error_buffer.c */,
				943269BBEAD53432D730A1CC /* history_buffer.c */,
				54C287F86FD0AF1B55B40B3D /* lookup.c */,
				C93EE97D406C4CF3C56195E6 /* metric.c */,
			);
			path = convolutional;
			sourceTree = "<group>";
		};
		30EC371AC597FA8081F14950 /* src */ = {
			isa = PBXGroup;
			children = (
				EA01C9379008C72670D0DED2 /* fec_shim.c */,
				24C6A594F98D1A568FFD47F5 /* convolutional */,
				131A6069D404FCD01AB8C8C4 /* reed-solomon */,
			);
			name = src;
			path = libcimbar/src/third_party_lib/libcorrect/src;
			sourceTree = "<group>";
		};
		3234BA78F79DDB95F38F7BF0 /* Products */ = {
			isa = PBXGroup;
			children = (
				F937D3E156FBB0B022FBAFEB /* LensDrop.app */,
				11A59EEB95EF677CBCE95BCE /* libcimbar-core.a */,
			);
			name = Products;
			sourceTree = "<group>";
		};
		360732374428308BCC27B734 /* common */ = {
			isa = PBXGroup;
			children = (
				92202F64A76B7363C5105BAB /* debug.c */,
				32E6BEA01466FCAA7F1BE69F /* entropy_common.c */,
				E107437455DFC2818EDF58B3 /* error_private.c */,
				9F3A2B9818DCE7BCB4C568B7 /* fse_decompress.c */,
				F2370C0A8B98008B9E5FF1AC /* pool.c */,
				79D3ABA9FB4C290B90245040 /* threading.c */,
				8025D7E90A6B8B4EC4DC1844 /* xxhash.c */,
				1B32F7E92DA6BA7E72187B39 /* zstd_common.c */,
			);
			name = common;
			path = libcimbar/src/third_party_lib/zstd/common;
			sourceTree = "<group>";
		};
		418858DE8B3DA586798BDEEA /* util */ = {
			isa = PBXGroup;
			children = (
				B94AA5A740F5357DD020AC55 /* null_stream.h */,
			);
			name = util;
			sourceTree = "<group>";
		};
		422FA45AB59094153A4CC47F /* extractor */ = {
			isa = PBXGroup;
			children = (
				1ABE2E67293343C0E0C01B0B /* extractor */,
			);
			name = extractor;
			sourceTree = "<group>";
		};
		4CB11A69F10C89C12841BD10 /* common */ = {
			isa = PBXGroup;
			children = (
				360732374428308BCC27B734 /* common */,
			);
			name = common;
			sourceTree = "<group>";
		};
		5FFF593FB756F730755FD60A /* decompress */ = {
			isa = PBXGroup;
			children = (
				A6172BEF5AD0D021551E3B90 /* decompress */,
			);
			name = decompress;
			sourceTree = "<group>";
		};
		6C4AFEB452C4BB005270CD7E /* encoder */ = {
			isa = PBXGroup;
			children = (
				F954714E2A8772B882F47B45 /* aligned_stream.h */,
				C0240666C3F693ACEFEC64FD /* CMakeLists.txt */,
				A79B6A98EE6ADE151F16136A /* Decoder.h */,
				DE7031AF3B61FE7A33ADE2A5 /* DecoderPlus.h */,
				1EEA7B2C1A645E22999BED95 /* Encoder.h */,
				0E58A5E17FBA7AD94287F690 /* EncoderPlus.h */,
				28F5AB5816A9534B7E13A03C /* escrow_buffer_writer.h */,
				C2B4079A3E76BC6F57DACAE0 /* reed_solomon_stream.h */,
				57F5ACDCCFD6CA7AEA59F11E /* ReedSolomon.h */,
				ED45942607C00D07053E97B3 /* test */,
			);
			name = encoder;
			path = src/lib/encoder;
			sourceTree = "<group>";
		};
		75D8B3704524BD47703908B4 /* cimb_translator */ = {
			isa = PBXGroup;
			children = (
				D0E72E159A562D74AC38DEEC /* cimb_translator */,
			);
			name = cimb_translator;
			sourceTree = "<group>";
		};
		79D3E34DC2F55C079F27945A /* encoder */ = {
			isa = PBXGroup;
			children = (
				6C4AFEB452C4BB005270CD7E /* encoder */,
			);
			name = encoder;
			sourceTree = "<group>";
		};
		7F723B63BC31CAC8D4B19DED /* Bridge */ = {
			isa = PBXGroup;
			children = (
				49AAD1BB736AAF7166139C70 /* CimbarApp-Bridging-Header.h */,
				F063636CE2D935C94C0AF365 /* CimbarDecoderBridge.h */,
				693EDF0715FEB5F2524DBA19 /* CimbarDecoderBridge.mm */,
			);
			path = Bridge;
			sourceTree = "<group>";
		};
		8FB52C3BB499343FDD5FB445 /* libcorrect */ = {
			isa = PBXGroup;
			children = (
				30EC371AC597FA8081F14950 /* src */,
			);
			name = libcorrect;
			sourceTree = "<group>";
		};
		98E22D3E4311D50B9158185D /* wirehair */ = {
			isa = PBXGroup;
			children = (
				EFE15260A08EAAB16FCC7BF4 /* gf256.cpp */,
				34AB99E246DF1C3A39B6488D /* wirehair.cpp */,
				77E0C1F1ADD2190DA07969CE /* WirehairCodec.cpp */,
				6D2979580FBD60DFFBD2463E /* WirehairTools.cpp */,
			);
			name = wirehair;
			path = libcimbar/src/third_party_lib/wirehair;
			sourceTree = "<group>";
		};
		A4E78E19342B6D349C7CE08D /* compress */ = {
			isa = PBXGroup;
			children = (
				E14CEC6E7456055C1BF54867 /* fse_compress.c */,
				8E4AB31D79A9330A72757E5B /* hist.c */,
				E8995E10CBD290770026114A /* huf_compress.c */,
				C0D8FC9786E420CF25AE7CEF /* zstd_compress_literals.c */,
				F8ABB62C295E5396201101F2 /* zstd_compress_sequences.c */,
				0227022AE8BEF90D833CE9B9 /* zstd_compress_superblock.c */,
				CD1F107537AFCD0609339E20 /* zstd_compress.c */,
				E21F508A81C4C5D4F7CFE93F /* zstd_double_fast.c */,
				FE730F8FCFC8DC365040E3F2 /* zstd_fast.c */,
				A35A3A295E957AC4A1A2801F /* zstd_lazy.c */,
				A026F3CEA3453AF9D399B285 /* zstd_ldm.c */,
				2B300E0754B7A7902C1C8963 /* zstd_opt.c */,
				BB4015CC431672D5E16A5E59 /* zstdmt_compress.c */,
			);
			name = compress;
			path = libcimbar/src/third_party_lib/zstd/compress;
			sourceTree = "<group>";
		};
		A6172BEF5AD0D021551E3B90 /* decompress */ = {
			isa = PBXGroup;
			children = (
				F10C7F46380172A5FBE017F0 /* huf_decompress.c */,
				753FA8D206EAFAA13C4B1196 /* zstd_ddict.c */,
				CD8C9DA479E85C89F0487EE4 /* zstd_decompress_block.c */,
				2CD74893670F984A4B44DB68 /* zstd_decompress.c */,
			);
			name = decompress;
			path = libcimbar/src/third_party_lib/zstd/decompress;
			sourceTree = "<group>";
		};
		AAC80698246A124B34A4E012 /* third_party */ = {
			isa = PBXGroup;
			children = (
				8FB52C3BB499343FDD5FB445 /* libcorrect */,
				BCCF8BB59AA9679E2D8D03EA /* wirehair */,
				EBCFB29A1033D4B1C3F020A3 /* zstd */,
			);
			name = third_party;
			sourceTree = "<group>";
		};
		ABF6ED7CEBA8960E5BBEA2D0 /* ios */ = {
			isa = PBXGroup;
			children = (
				AD2F99D3777F406BBF749456 /* CameraPreview.swift */,
				718DC9772171E505F756EB03 /* CimbarApp-Info.plist */,
				E2342DC88F43C1860A750A7F /* CimbarApp.swift */,
				01703928A0AD49EB854CC504 /* CimbarSession.swift */,
				BC17A3BEC422E542309D8193 /* FileListView.swift */,
				5DDBF4ADF7BC58360AC46230 /* ScanView.swift */,
				87415D9F428BAFDF4A63E20D /* SettingsView.swift */,
				7F723B63BC31CAC8D4B19DED /* Bridge */,
			);
			path = ios;
			sourceTree = "<group>";
		};
		B26DD4B95ECC508BC7577A01 /* libcimbar */ = {
			isa = PBXGroup;
			children = (
				75D8B3704524BD47703908B4 /* cimb_translator */,
				79D3E34DC2F55C079F27945A /* encoder */,
				422FA45AB59094153A4CC47F /* extractor */,
				418858DE8B3DA586798BDEEA /* util */,
			);
			path = libcimbar;
			sourceTree = "<group>";
		};
		BA9C228FD5166C9E295E88AA /* core */ = {
			isa = PBXGroup;
			children = (
				709C219115769E4978317DCE /* cimbar_c.cpp */,
				AF353FED6183C62C074D54B7 /* cimbar_c.h */,
			);
			path = core;
			sourceTree = "<group>";
		};
		BCCF8BB59AA9679E2D8D03EA /* wirehair */ = {
			isa = PBXGroup;
			children = (
				98E22D3E4311D50B9158185D /* wirehair */,
			);
			name = wirehair;
			sourceTree = "<group>";
		};
		C22FC3878A0A031C151415AB = {
			isa = PBXGroup;
			children = (
				BA9C228FD5166C9E295E88AA /* core */,
				ABF6ED7CEBA8960E5BBEA2D0 /* ios */,
				B26DD4B95ECC508BC7577A01 /* libcimbar */,
				AAC80698246A124B34A4E012 /* third_party */,
				3234BA78F79DDB95F38F7BF0 /* Products */,
			);
			sourceTree = "<group>";
		};
		D0E72E159A562D74AC38DEEC /* cimb_translator */ = {
			isa = PBXGroup;
			children = (
				A768D082D9AA2CC341B305BB /* AdjacentCellFinder.cpp */,
				1416DB101B1740A1B45127AF /* CellDrift.cpp */,
				1673DF47E60E9CEEF1E15577 /* CellPositions.cpp */,
				10EFEB1CAA9A20E985E69095 /* CimbDecoder.cpp */,
				CC457A8AA8EDA855C27E8D36 /* CimbEncoder.cpp */,
				8BEEE79E2538E744FDF17A98 /* CimbReader.cpp */,
				4CC3093788290AA60DF8F18A /* CimbWriter.cpp */,
				4F46B6C5855F4224A99EB646 /* Common.cpp */,
				111F4D302AD119F07C0410C7 /* FloodDecodePositions.cpp */,
			);
			name = cimb_translator;
			path = src/lib/cimb_translator;
			sourceTree = "<group>";
		};
		EBCFB29A1033D4B1C3F020A3 /* zstd */ = {
			isa = PBXGroup;
			children = (
				4CB11A69F10C89C12841BD10 /* common */,
				F2FF23D198816E810F97AA1F /* compress */,
				5FFF593FB756F730755FD60A /* decompress */,
			);
			name = zstd;
			sourceTree = "<group>";
		};
		ED45942607C00D07053E97B3 /* test */ = {
			isa = PBXGroup;
			children = (
				310DEA34DC17D01C06D0254D /* aligned_streamTest.cpp */,
				EF298C9C874E941DB15AC5AE /* CMakeLists.txt */,
				E2196DD59070F758CF48E344 /* DecoderTest.cpp */,
				77A9CA40959F37A4B719E3C4 /* EncoderRoundTripTest.cpp */,
				04E3045DF6D59F5F9470298D /* EncoderTest.cpp */,
				4D1CFDB1E69B332DD818C518 /* escrow_buffer_writerTest.cpp */,
				7323F14AC88DA34E0603921A /* reed_solomon_streamTest.cpp */,
				1EBD48B9CBE3CF8F0B9A0EF9 /* test.cpp */,
			);
			path = test;
			sourceTree = "<group>";
		};
		F2FF23D198816E810F97AA1F /* compress */ = {
			isa = PBXGroup;
			children = (
				A4E78E19342B6D349C7CE08D /* compress */,
			);
			name = compress;
			sourceTree = "<group>";
		};
/* End PBXGroup section */

/* Begin PBXNativeTarget section */
		327CE6072DF24446A47FD813 /* CimbarApp */ = {
			isa = PBXNativeTarget;
			buildConfigurationList = 334A9798FB98EF9A62869A66 /* Build configuration list for PBXNativeTarget "CimbarApp" */;
			buildPhases = (
				3F7EC897FCE15903D654ECBE /* Sources */,
				15169454DF3E3806B7EEBCB1 /* Frameworks */,
			);
			buildRules = (
			);
			dependencies = (
				953B86DFF74870273D3CB550 /* PBXTargetDependency */,
			);
			name = CimbarApp;
			packageProductDependencies = (
			);
			productName = CimbarApp;
			productReference = F937D3E156FBB0B022FBAFEB /* LensDrop.app */;
			productType = "com.apple.product-type.application";
		};
		48970C1CC15F8F75BBEE133D /* cimbar-core */ = {
			isa = PBXNativeTarget;
			buildConfigurationList = A739529DC24344E365F76FE9 /* Build configuration list for PBXNativeTarget "cimbar-core" */;
			buildPhases = (
				C74C50AB310BBE54AADB6F1D /* Sources */,
			);
			buildRules = (
			);
			dependencies = (
			);
			name = "cimbar-core";
			packageProductDependencies = (
			);
			productName = "cimbar-core";
			productReference = 11A59EEB95EF677CBCE95BCE /* libcimbar-core.a */;
			productType = "com.apple.product-type.library.static";
		};
/* End PBXNativeTarget section */

/* Begin PBXProject section */
		D43AAA9BF56257EF7209FCDF /* Project object */ = {
			isa = PBXProject;
			attributes = {
				BuildIndependentTargetsInParallel = YES;
				LastUpgradeCheck = 1500;
				TargetAttributes = {
					327CE6072DF24446A47FD813 = {
						ProvisioningStyle = Automatic;
					};
					48970C1CC15F8F75BBEE133D = {
						ProvisioningStyle = Automatic;
					};
				};
			};
			buildConfigurationList = 2DF808452156940C18ABA2F0 /* Build configuration list for PBXProject "CimbarApp" */;
			developmentRegion = en;
			hasScannedForEncodings = 0;
			knownRegions = (
				Base,
				en,
			);
			mainGroup = C22FC3878A0A031C151415AB;
			minimizedProjectReferenceProxies = 1;
			preferredProjectObjectVersion = 77;
			productRefGroup = 3234BA78F79DDB95F38F7BF0 /* Products */;
			projectDirPath = "";
			projectRoot = "";
			targets = (
				327CE6072DF24446A47FD813 /* CimbarApp */,
				48970C1CC15F8F75BBEE133D /* cimbar-core */,
			);
		};
/* End PBXProject section */

/* Begin PBXSourcesBuildPhase section */
		3F7EC897FCE15903D654ECBE /* Sources */ = {
			isa = PBXSourcesBuildPhase;
			buildActionMask = 2147483647;
			files = (
				7CF48A8A004D201EB2145085 /* CameraPreview.swift in Sources */,
				B33BE476A3788D96259D6960 /* CimbarApp.swift in Sources */,
				F50F4A4EDDE85B9EDFCD8C7D /* CimbarDecoderBridge.mm in Sources */,
				051DCFB1F15746FA61B8A603 /* CimbarSession.swift in Sources */,
				4D5CA2E0811499C43E07D4BA /* FileListView.swift in Sources */,
				19809DB0E92AB36F507518FC /* ScanView.swift in Sources */,
				4A828D061A6122C1C874F318 /* SettingsView.swift in Sources */,
			);
			runOnlyForDeploymentPostprocessing = 0;
		};
		C74C50AB310BBE54AADB6F1D /* Sources */ = {
			isa = PBXSourcesBuildPhase;
			buildActionMask = 2147483647;
			files = (
				0FC71FA9BB334C2940811629 /* AdjacentCellFinder.cpp in Sources */,
				AC2F44EBA23E89699C1CEE9D /* CellDrift.cpp in Sources */,
				BDC98E6A814B650654B75C12 /* CellPositions.cpp in Sources */,
				2C367181AAB03951BEF69E39 /* CimbDecoder.cpp in Sources */,
				82721BC21AF5EBA47BCE0C74 /* CimbEncoder.cpp in Sources */,
				B36B6083447A50744CEC7C0A /* CimbReader.cpp in Sources */,
				9B35EE13E0E2051C88772F9A /* CimbWriter.cpp in Sources */,
				9AAA55BEC56DA0DF4166BE5C /* Common.cpp in Sources */,
				3D9198931B452C23F4B4E359 /* Deskewer.cpp in Sources */,
				B27B2570576703FC54DA416A /* Extractor.cpp in Sources */,
				E3DE5D69F949F8C535B18640 /* FloodDecodePositions.cpp in Sources */,
				4A7A74F099AF6AFDF31D62C4 /* Scanner.cpp in Sources */,
				8969C6486F66AC1FC6C45076 /* SimpleCameraCalibration.cpp in Sources */,
				EC425FC824247D18D969C172 /* WirehairCodec.cpp in Sources */,
				CD9CB48E14F002A57AD2B2E5 /* WirehairTools.cpp in Sources */,
				E4887C2E7DA1AD9D49E621F7 /* bit.c in Sources */,
				0034A91A2A5C5406D6CAA4A7 /* cimbar_c.cpp in Sources */,
				6B79515B85612C281808DA52 /* convolutional.c in Sources */,
				1ED6F7F7F0F72E8E79052144 /* debug.c in Sources */,
				F767FF88901F4F79BEBF7218 /* decode.c in Sources */,
				0EF4D7779A022741D7B9FA12 /* decode.c in Sources */,
				DAA81C972656CDA2AC27DCE4 /* encode.c in Sources */,
				E8FC4EF80757CE5161225DB4 /* encode.c in Sources */,
				16866359AE031BD3D1FB19D2 /* entropy_common.c in Sources */,
				1A3CD6D4EC04103E80C36524 /* error_buffer.c in Sources */,
				6C4EDC6073A93F472C577A88 /* error_private.c in Sources */,
				4B022928D82972EC87A5D2DC /* fec_shim.c in Sources */,
				01DCEA8CD8CB7E98A829B21D /* fse_compress.c in Sources */,
				D3F6DF0E77C5C9A9B2EE4629 /* fse_decompress.c in Sources */,
				A3B8268A01C620BD83B86639 /* gf256.cpp in Sources */,
				74A6AF77EE72AE887CD06B46 /* hist.c in Sources */,
				F728499A85258E805DE950E1 /* history_buffer.c in Sources */,
				68931E8BADC077C3FF2D79ED /* huf_compress.c in Sources */,
				DBC56D64A3BA28024F485889 /* huf_decompress.c in Sources */,
				291AE3EE35C4262B89E9F266 /* lookup.c in Sources */,
				38F14D110F7DB57794F34506 /* metric.c in Sources */,
				B2B7AD96DDBA5F259981B1AE /* polynomial.c in Sources */,
				D20B6E0FCDE2226179101415 /* pool.c in Sources */,
				FA987F1D99214E8034D3CF3D /* reed-solomon.c in Sources */,
				976D9E11ED53BC572E2C80C4 /* threading.c in Sources */,
				8328D04E7053AB6F2FB6994A /* wirehair.cpp in Sources */,
				B52DD3140B6C08427529B8F4 /* xxhash.c in Sources */,
				8CAF48904261BB901087B904 /* zstd_common.c in Sources */,
				B8609E7678059FD0845C44BE /* zstd_compress.c in Sources */,
				8907524F7ED5A59D6F7CC36E /* zstd_compress_literals.c in Sources */,
				3AB19CD4DC503CDAC9FB2DDD /* zstd_compress_sequences.c in Sources */,
				091202EDC30B32AA1DD07852 /* zstd_compress_superblock.c in Sources */,
				366CF629B023F4E56D7A3ADD /* zstd_ddict.c in Sources */,
				858EF4D1CF05400687078222 /* zstd_decompress.c in Sources */,
				E2DBDD4BB9FB52836E8CDF0C /* zstd_decompress_block.c in Sources */,
				8074C036138964A6A78AC5A1 /* zstd_double_fast.c in Sources */,
				683DC3BEBC9549B6FD238200 /* zstd_fast.c in Sources */,
				F83925FFDF6E9A4EE667741F /* zstd_lazy.c in Sources */,
				47C44B7AECFC6885F9909873 /* zstd_ldm.c in Sources */,
				72C6C78147F050284DBEA476 /* zstd_opt.c in Sources */,
				032C7491E7B84BB850C8E9F7 /* zstdmt_compress.c in Sources */,
			);
			runOnlyForDeploymentPostprocessing = 0;
		};
/* End PBXSourcesBuildPhase section */

/* Begin PBXTargetDependency section */
		953B86DFF74870273D3CB550 /* PBXTargetDependency */ = {
			isa = PBXTargetDependency;
			target = 48970C1CC15F8F75BBEE133D /* cimbar-core */;
			targetProxy = C107DABBA7F3EDD38DF478F5 /* PBXContainerItemProxy */;
		};
/* End PBXTargetDependency section */

/* Begin XCBuildConfiguration section */
		16C44F3CD511285EB5B99442 /* Debug */ = {
			isa = XCBuildConfiguration;
			buildSettings = {
				ALWAYS_SEARCH_USER_PATHS = NO;
				CLANG_ANALYZER_NONNULL = YES;
				CLANG_ANALYZER_NUMBER_OBJECT_CONVERSION = YES_AGGRESSIVE;
				CLANG_CXX_LANGUAGE_STANDARD = "gnu++14";
				CLANG_CXX_LIBRARY = "libc++";
				CLANG_ENABLE_MODULES = YES;
				CLANG_ENABLE_OBJC_ARC = YES;
				CLANG_ENABLE_OBJC_WEAK = YES;
				CLANG_WARN_BLOCK_CAPTURE_AUTORELEASING = YES;
				CLANG_WARN_BOOL_CONVERSION = YES;
				CLANG_WARN_COMMA = YES;
				CLANG_WARN_CONSTANT_CONVERSION = YES;
				CLANG_WARN_DEPRECATED_OBJC_IMPLEMENTATIONS = YES;
				CLANG_WARN_DIRECT_OBJC_ISA_USAGE = YES_ERROR;
				CLANG_WARN_DOCUMENTATION_COMMENTS = YES;
				CLANG_WARN_EMPTY_BODY = YES;
				CLANG_WARN_ENUM_CONVERSION = YES;
				CLANG_WARN_INFINITE_RECURSION = YES;
				CLANG_WARN_INT_CONVERSION = YES;
				CLANG_WARN_NON_LITERAL_NULL_CONVERSION = YES;
				CLANG_WARN_OBJC_IMPLICIT_RETAIN_SELF = YES;
				CLANG_WARN_OBJC_LITERAL_CONVERSION = YES;
				CLANG_WARN_OBJC_ROOT_CLASS = YES_ERROR;
				CLANG_WARN_QUOTED_INCLUDE_IN_FRAMEWORK_HEADER = YES;
				CLANG_WARN_RANGE_LOOP_ANALYSIS = YES;
				CLANG_WARN_STRICT_PROTOTYPES = YES;
				CLANG_WARN_SUSPICIOUS_MOVE = YES;
				CLANG_WARN_UNGUARDED_AVAILABILITY = YES_AGGRESSIVE;
				CLANG_WARN_UNREACHABLE_CODE = YES;
				CLANG_WARN__DUPLICATE_METHOD_MATCH = YES;
				CODE_SIGN_STYLE = Automatic;
				COPY_PHASE_STRIP = NO;
				DEBUG_INFORMATION_FORMAT = dwarf;
				ENABLE_HARDENED_RUNTIME = YES;
				ENABLE_STRICT_OBJC_MSGSEND = YES;
				ENABLE_TESTABILITY = YES;
				GCC_C_LANGUAGE_STANDARD = gnu11;
				GCC_DYNAMIC_NO_PIC = NO;
				GCC_NO_COMMON_BLOCKS = YES;
				GCC_OPTIMIZATION_LEVEL = 0;
				GCC_PREPROCESSOR_DEFINITIONS = (
					"$(inherited)",
					"DEBUG=1",
				);
				GCC_WARN_64_TO_32_BIT_CONVERSION = YES;
				GCC_WARN_ABOUT_RETURN_TYPE = YES_ERROR;
				GCC_WARN_UNDECLARED_SELECTOR = YES;
				GCC_WARN_UNINITIALIZED_AUTOS = YES_AGGRESSIVE;
				GCC_WARN_UNUSED_FUNCTION = YES;
				GCC_WARN_UNUSED_VARIABLE = YES;
				IPHONEOS_DEPLOYMENT_TARGET = 16.0;
				MTL_ENABLE_DEBUG_INFO = INCLUDE_SOURCE;
				MTL_FAST_MATH = YES;
				ONLY_ACTIVE_ARCH = YES;
				PRODUCT_NAME = "$(TARGET_NAME)";
				SDKROOT = iphoneos;
				SWIFT_ACTIVE_COMPILATION_CONDITIONS = DEBUG;
				SWIFT_OPTIMIZATION_LEVEL = "-Onone";
				SWIFT_VERSION = 5.0;
				TARGETED_DEVICE_FAMILY = "1,2";
			};
			name = Debug;
		};
		42AED9EA3E5AC6264F612600 /* Release */ = {
			isa = XCBuildConfiguration;
			buildSettings = {
				ALWAYS_SEARCH_USER_PATHS = NO;
				CLANG_ANALYZER_NONNULL = YES;
				CLANG_ANALYZER_NUMBER_OBJECT_CONVERSION = YES_AGGRESSIVE;
				CLANG_CXX_LANGUAGE_STANDARD = "gnu++14";
				CLANG_CXX_LIBRARY = "libc++";
				CLANG_ENABLE_MODULES = YES;
				CLANG_ENABLE_OBJC_ARC = YES;
				CLANG_ENABLE_OBJC_WEAK = YES;
				CLANG_WARN_BLOCK_CAPTURE_AUTORELEASING = YES;
				CLANG_WARN_BOOL_CONVERSION = YES;
				CLANG_WARN_COMMA = YES;
				CLANG_WARN_CONSTANT_CONVERSION = YES;
				CLANG_WARN_DEPRECATED_OBJC_IMPLEMENTATIONS = YES;
				CLANG_WARN_DIRECT_OBJC_ISA_USAGE = YES_ERROR;
				CLANG_WARN_DOCUMENTATION_COMMENTS = YES;
				CLANG_WARN_EMPTY_BODY = YES;
				CLANG_WARN_ENUM_CONVERSION = YES;
				CLANG_WARN_INFINITE_RECURSION = YES;
				CLANG_WARN_INT_CONVERSION = YES;
				CLANG_WARN_NON_LITERAL_NULL_CONVERSION = YES;
				CLANG_WARN_OBJC_IMPLICIT_RETAIN_SELF = YES;
				CLANG_WARN_OBJC_LITERAL_CONVERSION = YES;
				CLANG_WARN_OBJC_ROOT_CLASS = YES_ERROR;
				CLANG_WARN_QUOTED_INCLUDE_IN_FRAMEWORK_HEADER = YES;
				CLANG_WARN_RANGE_LOOP_ANALYSIS = YES;
				CLANG_WARN_STRICT_PROTOTYPES = YES;
				CLANG_WARN_SUSPICIOUS_MOVE = YES;
				CLANG_WARN_UNGUARDED_AVAILABILITY = YES_AGGRESSIVE;
				CLANG_WARN_UNREACHABLE_CODE = YES;
				CLANG_WARN__DUPLICATE_METHOD_MATCH = YES;
				CODE_SIGN_STYLE = Automatic;
				COPY_PHASE_STRIP = NO;
				DEBUG_INFORMATION_FORMAT = "dwarf-with-dsym";
				ENABLE_HARDENED_RUNTIME = YES;
				ENABLE_NS_ASSERTIONS = NO;
				ENABLE_STRICT_OBJC_MSGSEND = YES;
				GCC_C_LANGUAGE_STANDARD = gnu11;
				GCC_NO_COMMON_BLOCKS = YES;
				GCC_WARN_64_TO_32_BIT_CONVERSION = YES;
				GCC_WARN_ABOUT_RETURN_TYPE = YES_ERROR;
				GCC_WARN_UNDECLARED_SELECTOR = YES;
				GCC_WARN_UNINITIALIZED_AUTOS = YES_AGGRESSIVE;
				GCC_WARN_UNUSED_FUNCTION = YES;
				GCC_WARN_UNUSED_VARIABLE = YES;
				IPHONEOS_DEPLOYMENT_TARGET = 16.0;
				MTL_ENABLE_DEBUG_INFO = NO;
				MTL_FAST_MATH = YES;
				PRODUCT_NAME = "$(TARGET_NAME)";
				SDKROOT = iphoneos;
				SWIFT_COMPILATION_MODE = wholemodule;
				SWIFT_OPTIMIZATION_LEVEL = "-O";
				SWIFT_VERSION = 5.0;
				TARGETED_DEVICE_FAMILY = "1,2";
			};
			name = Release;
		};
		47844CBADEBF118610122291 /* Release */ = {
			isa = XCBuildConfiguration;
			buildSettings = {
				ASSETCATALOG_COMPILER_APPICON_NAME = AppIcon;
				CLANG_CXX_LANGUAGE_STANDARD = "c++17";
				CLANG_CXX_LIBRARY = "libc++";
				CODE_SIGN_IDENTITY = "iPhone Developer";
				FRAMEWORK_SEARCH_PATHS = (
					"$(SRCROOT)",
				);
				GCC_PREPROCESSOR_DEFINITIONS = (
					"IOS=1",
					"LIBCIMBAR_PROJECT_ROOT=\"$(SRCROOT)/libcimbar\"",
				);
				HEADER_SEARCH_PATHS = (
					"$(SRCROOT)/core",
					"$(SRCROOT)/libcimbar/src/lib",
					"$(SRCROOT)/libcimbar/src/third_party_lib",
					"$(SRCROOT)/libcimbar/src/third_party_lib/libcorrect/include",
					"$(SRCROOT)/libcimbar/src/third_party_lib/wirehair/include",
					"$(SRCROOT)/libcimbar/src/third_party_lib/zstd",
					"$(SRCROOT)/opencv2.framework/Headers",
				);
				INFOPLIST_FILE = "ios/CimbarApp-Info.plist";
				LD_RUNPATH_SEARCH_PATHS = (
					"$(inherited)",
					"@executable_path/Frameworks",
				);
				OTHER_LDFLAGS = (
					"-framework opencv2",
					"-framework Accelerate",
					"-framework AVFoundation",
					"-framework VideoToolbox",
					"-ObjC",
				);
				PRODUCT_BUNDLE_IDENTIFIER = dev.cimbar.ios;
				PRODUCT_NAME = LensDrop;
				SDKROOT = iphoneos;
				SWIFT_OBJC_BRIDGING_HEADER = "ios/Bridge/CimbarApp-Bridging-Header.h";
				SWIFT_OBJC_INTEROP_MODE = objcxx;
				TARGETED_DEVICE_FAMILY = "1,2";
			};
			name = Release;
		};
		8B4F322D7CF67C8666756BF8 /* Debug */ = {
			isa = XCBuildConfiguration;
			buildSettings = {
				ASSETCATALOG_COMPILER_APPICON_NAME = AppIcon;
				CLANG_CXX_LANGUAGE_STANDARD = "c++17";
				CLANG_CXX_LIBRARY = "libc++";
				CODE_SIGN_IDENTITY = "iPhone Developer";
				FRAMEWORK_SEARCH_PATHS = (
					"$(SRCROOT)",
				);
				GCC_PREPROCESSOR_DEFINITIONS = (
					"IOS=1",
					"LIBCIMBAR_PROJECT_ROOT=\"$(SRCROOT)/libcimbar\"",
				);
				HEADER_SEARCH_PATHS = (
					"$(SRCROOT)/core",
					"$(SRCROOT)/libcimbar/src/lib",
					"$(SRCROOT)/libcimbar/src/third_party_lib",
					"$(SRCROOT)/libcimbar/src/third_party_lib/libcorrect/include",
					"$(SRCROOT)/libcimbar/src/third_party_lib/wirehair/include",
					"$(SRCROOT)/libcimbar/src/third_party_lib/zstd",
					"$(SRCROOT)/opencv2.framework/Headers",
				);
				INFOPLIST_FILE = "ios/CimbarApp-Info.plist";
				LD_RUNPATH_SEARCH_PATHS = (
					"$(inherited)",
					"@executable_path/Frameworks",
				);
				OTHER_LDFLAGS = (
					"-framework opencv2",
					"-framework Accelerate",
					"-framework AVFoundation",
					"-framework VideoToolbox",
					"-ObjC",
				);
				PRODUCT_BUNDLE_IDENTIFIER = dev.cimbar.ios;
				PRODUCT_NAME = LensDrop;
				SDKROOT = iphoneos;
				SWIFT_OBJC_BRIDGING_HEADER = "ios/Bridge/CimbarApp-Bridging-Header.h";
				SWIFT_OBJC_INTEROP_MODE = objcxx;
				TARGETED_DEVICE_FAMILY = "1,2";
			};
			name = Debug;
		};
		D4CDD5C5AB1758BDBCAF2244 /* Debug */ = {
			isa = XCBuildConfiguration;
			buildSettings = {
				CLANG_CXX_LANGUAGE_STANDARD = "c++17";
				CLANG_CXX_LIBRARY = "libc++";
				CLANG_ENABLE_OBJC_ARC = YES;
				FRAMEWORK_SEARCH_PATHS = (
					"$(SRCROOT)",
				);
				GCC_C_LANGUAGE_STANDARD = c99;
				GCC_PREPROCESSOR_DEFINITIONS = (
					"IOS=1",
					"ZSTD_STATIC_LINKING_ONLY=1",
					"LIBCIMBAR_PROJECT_ROOT=\"$(SRCROOT)/libcimbar\"",
				);
				GCC_WARN_ABOUT_RETURN_TYPE = YES;
				GCC_WARN_UNUSED_VARIABLE = YES;
				HEADER_SEARCH_PATHS = (
					"$(SRCROOT)/libcimbar/src/lib",
					"$(SRCROOT)/libcimbar/src/third_party_lib",
					"$(SRCROOT)/libcimbar/src/third_party_lib/libcorrect/include",
					"$(SRCROOT)/libcimbar/src/third_party_lib/wirehair/include",
					"$(SRCROOT)/libcimbar/src/third_party_lib/zstd",
					"$(SRCROOT)/opencv2.framework/Headers",
				);
				LD_RUNPATH_SEARCH_PATHS = (
					"$(inherited)",
					"@executable_path/Frameworks",
				);
				MTL_ENABLE_DEBUG_INFO = NO;
				ONLY_ACTIVE_ARCH = YES;
				OTHER_LDFLAGS = (
					"-framework opencv2",
					"-framework Accelerate",
				);
				PRODUCT_BUNDLE_IDENTIFIER = "dev.cimbar.cimbar-core";
				PRODUCT_NAME = cimbar_core;
				SDKROOT = iphoneos;
				SKIP_INSTALL = YES;
				TARGETED_DEVICE_FAMILY = "1,2";
			};
			name = Debug;
		};
		E9DD473A9EB9CFE66C59D04A /* Release */ = {
			isa = XCBuildConfiguration;
			buildSettings = {
				CLANG_CXX_LANGUAGE_STANDARD = "c++17";
				CLANG_CXX_LIBRARY = "libc++";
				CLANG_ENABLE_OBJC_ARC = YES;
				FRAMEWORK_SEARCH_PATHS = (
					"$(SRCROOT)",
				);
				GCC_C_LANGUAGE_STANDARD = c99;
				GCC_PREPROCESSOR_DEFINITIONS = (
					"IOS=1",
					"ZSTD_STATIC_LINKING_ONLY=1",
					"LIBCIMBAR_PROJECT_ROOT=\"$(SRCROOT)/libcimbar\"",
				);
				GCC_WARN_ABOUT_RETURN_TYPE = YES;
				GCC_WARN_UNUSED_VARIABLE = YES;
				HEADER_SEARCH_PATHS = (
					"$(SRCROOT)/libcimbar/src/lib",
					"$(SRCROOT)/libcimbar/src/third_party_lib",
					"$(SRCROOT)/libcimbar/src/third_party_lib/libcorrect/include",
					"$(SRCROOT)/libcimbar/src/third_party_lib/wirehair/include",
					"$(SRCROOT)/libcimbar/src/third_party_lib/zstd",
					"$(SRCROOT)/opencv2.framework/Headers",
				);
				LD_RUNPATH_SEARCH_PATHS = (
					"$(inherited)",
					"@executable_path/Frameworks",
				);
				MTL_ENABLE_DEBUG_INFO = NO;
				ONLY_ACTIVE_ARCH = YES;
				OTHER_LDFLAGS = (
					"-framework opencv2",
					"-framework Accelerate",
				);
				PRODUCT_BUNDLE_IDENTIFIER = "dev.cimbar.cimbar-core";
				PRODUCT_NAME = cimbar_core;
				SDKROOT = iphoneos;
				SKIP_INSTALL = YES;
				TARGETED_DEVICE_FAMILY = "1,2";
			};
			name = Release;
		};
/* End XCBuildConfiguration section */

/* Begin XCConfigurationList section */
		2DF808452156940C18ABA2F0 /* Build configuration list for PBXProject "CimbarApp" */ = {
			isa = XCConfigurationList;
			buildConfigurations = (
				16C44F3CD511285EB5B99442 /* Debug */,
				42AED9EA3E5AC6264F612600 /* Release */,
			);
			defaultConfigurationIsVisible = 0;
			defaultConfigurationName = Debug;
		};
		334A9798FB98EF9A62869A66 /* Build configuration list for PBXNativeTarget "CimbarApp" */ = {
			isa = XCConfigurationList;
			buildConfigurations = (
				8B4F322D7CF67C8666756BF8 /* Debug */,
				47844CBADEBF118610122291 /* Release */,
			);
			defaultConfigurationIsVisible = 0;
			defaultConfigurationName = Debug;
		};
		A739529DC24344E365F76FE9 /* Build configuration list for PBXNativeTarget "cimbar-core" */ = {
			isa = XCConfigurationList;
			buildConfigurations = (
				D4CDD5C5AB1758BDBCAF2244 /* Debug */,
				E9DD473A9EB9CFE66C59D04A /* Release */,
			);
			defaultConfigurationIsVisible = 0;
			defaultConfigurationName = Debug;
		};
/* End XCConfigurationList section */
	};
	rootObject = D43AAA9BF56257EF7209FCDF /* Project object */;
}
